{
  "name": "testjs",
  "version": "1.0.0",
  "lockfileVersion": 1,
  "requires": true,
  "dependencies": {
    "jsvjp": {
      "version": "2.0.2",
      "resolved": "https://registry.npmjs.org/jsvjp/-/jsvjp-2.0.2.tgz",
      "integrity": "sha512-ry/i/SW6DDpNsEp3i4WbZk0M4woCPvleBIeITW4Vfsi4vJKdWdQ+E3rwKhRIm1XBTnNjaaOwcz4mVZ5t3QjENg=="
    }
  }
}
